
Microsoft Visual Studio Solution File, Format Version 12.00
# Visual Studio Version 17
VisualStudioVersion = 17.8.34525.116
MinimumVisualStudioVersion = 10.0.40219.1
Project("{FAE04EC0-301F-11D3-BF4B-00C04F79EFBC}") = "MyCalculator", "MyCalculator\MyCalculator.csproj", "{94FF18CC-D909-4475-8AAF-FE81BCA22586}"
EndProject
Project("{FAE04EC0-301F-11D3-BF4B-00C04F79EFBC}") = "MyCalcTest", "MyCalcTest\MyCalcTest.csproj", "{A173C78F-1935-40C8-84FD-F4121CE57552}"
EndProject
Global
	GlobalSection(SolutionConfigurationPlatforms) = preSolution
		Debug|Any CPU = Debug|Any CPU
		Release|Any CPU = Release|Any CPU
	EndGlobalSection
	GlobalSection(ProjectConfigurationPlatforms) = postSolution
		{94FF18CC-D909-4475-8AAF-FE81BCA22586}.Debug|Any CPU.ActiveCfg = Debug|Any CPU
		{94FF18CC-D909-4475-8AAF-FE81BCA22586}.Debug|Any CPU.Build.0 = Debug|Any CPU
		{94FF18CC-D909-4475-8AAF-FE81BCA22586}.Release|Any CPU.ActiveCfg = Release|Any CPU
		{94FF18CC-D909-4475-8AAF-FE81BCA22586}.Release|Any CPU.Build.0 = Release|Any CPU
		{A173C78F-1935-40C8-84FD-F4121CE57552}.Debug|Any CPU.ActiveCfg = Debug|Any CPU
		{A173C78F-1935-40C8-84FD-F4121CE57552}.Debug|Any CPU.Build.0 = Debug|Any CPU
		{A173C78F-1935-40C8-84FD-F4121CE57552}.Release|Any CPU.ActiveCfg = Release|Any CPU
		{A173C78F-1935-40C8-84FD-F4121CE57552}.Release|Any CPU.Build.0 = Release|Any CPU
	EndGlobalSection
	GlobalSection(SolutionProperties) = preSolution
		HideSolutionNode = FALSE
	EndGlobalSection
	GlobalSection(ExtensibilityGlobals) = postSolution
		SolutionGuid = {1ABDA8DD-BD2E-4888-83FE-7A5BCF17C476}
	EndGlobalSection
EndGlobal
